
Microsoft Visual Studio Solution File, Format Version 12.00
# Visual Studio Version 16
VisualStudioVersion = 16.0.29613.14
MinimumVisualStudioVersion = 10.0.40219.1
Project("{FAE04EC0-301F-11D3-BF4B-00C04F79EFBC}") = "interview", "interview\interview.csproj", "{013EE7C0-26B2-48EA-A1C3-07FF8ABDC5E4}"
EndProject
Global
	GlobalSection(SolutionConfigurationPlatforms) = preSolution
		Debug|Any CPU = Debug|Any CPU
		Release|Any CPU = Release|Any CPU
	EndGlobalSection
	GlobalSection(ProjectConfigurationPlatforms) = postSolution
		{013EE7C0-26B2-48EA-A1C3-07FF8ABDC5E4}.Debug|Any CPU.ActiveCfg = Debug|Any CPU
		{013EE7C0-26B2-48EA-A1C3-07FF8ABDC5E4}.Debug|Any CPU.Build.0 = Debug|Any CPU
		{013EE7C0-26B2-48EA-A1C3-07FF8ABDC5E4}.Release|Any CPU.ActiveCfg = Release|Any CPU
		{013EE7C0-26B2-48EA-A1C3-07FF8ABDC5E4}.Release|Any CPU.Build.0 = Release|Any CPU
	EndGlobalSection
	GlobalSection(SolutionProperties) = preSolution
		HideSolutionNode = FALSE
	EndGlobalSection
	GlobalSection(ExtensibilityGlobals) = postSolution
		SolutionGuid = {12D20C9D-8AA2-42FE-B368-9DD77A304CC0}
	EndGlobalSection
EndGlobal
